PODS:
  - AudioKit (4.0.4):
    - AudioKit/UI (= 4.0.4)
  - AudioKit/UI (4.0.4)
  - MIDISequencer (0.0.4):
    - AudioKit
    - MusicTheorySwift
  - MusicTheorySwift (0.1)

DEPENDENCIES:
  - AudioKit
  - MIDISequencer (from `.`)
  - MusicTheorySwift

EXTERNAL SOURCES:
  MIDISequencer:
    :path: .

SPEC CHECKSUMS:
  AudioKit: 647145c0462dc9dc8a8582998cd6db5f2e1ea848
  MIDISequencer: e3ad9e3d24a8b58f69f69f87d9bcd75cac81e0a1
  MusicTheorySwift: 9e7f1bf66904190f82b34b9d36e09e296dde438b

PODFILE CHECKSUM: 2c90c65d31833579da20d4c379110f24d615ac71

COCOAPODS: 1.4.0
