PODS:
  - AudioKit (4.3):
    - AudioKit/UI (= 4.3)
  - AudioKit/UI (4.3)
  - MIDISequencer (0.0.4):
    - AudioKit
    - MusicTheorySwift
  - MusicTheorySwift (0.1.1)

DEPENDENCIES:
  - AudioKit
  - MIDISequencer (from `.`)
  - MusicTheorySwift

EXTERNAL SOURCES:
  MIDISequencer:
    :path: .

SPEC CHECKSUMS:
  AudioKit: f87d1edb6ca8a2eee5467d4aba0b0100cc48dafc
  MIDISequencer: e3ad9e3d24a8b58f69f69f87d9bcd75cac81e0a1
  MusicTheorySwift: 530fc43f4e46d0d2ffcba636034226c9b5b1a73a

PODFILE CHECKSUM: e2fbbe560b7671898bf1fe81f33535adda644c88

COCOAPODS: 1.4.0
