PODS:
  - AudioKit (4.7.2):
    - AudioKit/Core (= 4.7.2)
    - AudioKit/UI (= 4.7.2)
  - AudioKit/Core (4.7.2)
  - AudioKit/UI (4.7.2):
    - AudioKit/Core
  - MIDISequencer (0.0.5):
    - MusicTheorySwift
  - MusicTheorySwift (1.2.3)

DEPENDENCIES:
  - AudioKit
  - MIDISequencer (from `.`)
  - MusicTheorySwift

SPEC REPOS:
  https://github.com/cocoapods/specs.git:
    - AudioKit
    - MusicTheorySwift

EXTERNAL SOURCES:
  MIDISequencer:
    :path: "."

SPEC CHECKSUMS:
  AudioKit: ee4ab79e2fffe42e52b8fd8d214eaaea968c368e
  MIDISequencer: 4e5c09b92c09e20aa9cbf346148369cf721f414e
  MusicTheorySwift: e477673d9e5ef8809939557dd20ac2ce3f2d1f8e

PODFILE CHECKSUM: a9393c33c5692510759f6a90ddb4b6b5c2b7e79a

COCOAPODS: 1.6.0
