// !$*UTF8*$!
{
	archiveVersion = 1;
	classes = {
	};
	objectVersion = 52;
	objects = {

/* Begin PBXBuildFile section */
		756F179B2573B2280029D1C0 /* MusicTheory in Frameworks */ = {isa = PBXBuildFile; productRef = 756F179A2573B2280029D1C0 /* MusicTheory */; };
		756F17A62573B3670029D1C0 /* AudioKit in Frameworks */ = {isa = PBXBuildFile; productRef = 756F17A52573B3670029D1C0 /* AudioKit */; };
		B26B85421FC30230005B9D37 /* MIDISequencerVelocity.swift in Sources */ = {isa = PBXBuildFile; fileRef = B26B85411FC30230005B9D37 /* MIDISequencerVelocity.swift */; };
		B26B85431FC3027A005B9D37 /* MIDISequencerVelocity.swift in Sources */ = {isa = PBXBuildFile; fileRef = B26B85411FC30230005B9D37 /* MIDISequencerVelocity.swift */; };
		B2A730CF1F6C81C30040F34F /* MIDISequencerStep.swift in Sources */ = {isa = PBXBuildFile; fileRef = B2A730CE1F6C81C30040F34F /* MIDISequencerStep.swift */; };
		B2A730D11F6C81CF0040F34F /* MIDISequencerTrack.swift in Sources */ = {isa = PBXBuildFile; fileRef = B2A730D01F6C81CF0040F34F /* MIDISequencerTrack.swift */; };
		B2A730D41F6C82630040F34F /* MIDISequencerStep.swift in Sources */ = {isa = PBXBuildFile; fileRef = B2A730CE1F6C81C30040F34F /* MIDISequencerStep.swift */; };
		B2A730D51F6C82630040F34F /* MIDISequencerTrack.swift in Sources */ = {isa = PBXBuildFile; fileRef = B2A730D01F6C81CF0040F34F /* MIDISequencerTrack.swift */; };
		B2A730D81F6C84AB0040F34F /* MIDISequencerArpeggiator.swift in Sources */ = {isa = PBXBuildFile; fileRef = B2A730D71F6C84AB0040F34F /* MIDISequencerArpeggiator.swift */; };
		B2A730D91F6C84AB0040F34F /* MIDISequencerArpeggiator.swift in Sources */ = {isa = PBXBuildFile; fileRef = B2A730D71F6C84AB0040F34F /* MIDISequencerArpeggiator.swift */; };
		B2EAA1B61F67DCEA00B80D57 /* MIDISequencer.h in Headers */ = {isa = PBXBuildFile; fileRef = B2EAA1B11F67DCEA00B80D57 /* MIDISequencer.h */; settings = {ATTRIBUTES = (Public, ); }; };
		B2EAA1B71F67DCEA00B80D57 /* MIDISequencer.h in Headers */ = {isa = PBXBuildFile; fileRef = B2EAA1B11F67DCEA00B80D57 /* MIDISequencer.h */; settings = {ATTRIBUTES = (Public, ); }; };
		B2EAA1B91F67DD1D00B80D57 /* MIDISequencer.swift in Sources */ = {isa = PBXBuildFile; fileRef = B2EAA1B81F67DD1D00B80D57 /* MIDISequencer.swift */; };
		B2EAA1BA1F67DD1D00B80D57 /* MIDISequencer.swift in Sources */ = {isa = PBXBuildFile; fileRef = B2EAA1B81F67DD1D00B80D57 /* MIDISequencer.swift */; };
/* End PBXBuildFile section */

/* Begin PBXFileReference section */
		B26B85411FC30230005B9D37 /* MIDISequencerVelocity.swift */ = {isa = PBXFileReference; lastKnownFileType = sourcecode.swift; path = MIDISequencerVelocity.swift; sourceTree = "<group>"; };
		B2A730CE1F6C81C30040F34F /* MIDISequencerStep.swift */ = {isa = PBXFileReference; fileEncoding = 4; lastKnownFileType = sourcecode.swift; path = MIDISequencerStep.swift; sourceTree = "<group>"; };
		B2A730D01F6C81CF0040F34F /* MIDISequencerTrack.swift */ = {isa = PBXFileReference; fileEncoding = 4; lastKnownFileType = sourcecode.swift; path = MIDISequencerTrack.swift; sourceTree = "<group>"; };
		B2A730D71F6C84AB0040F34F /* MIDISequencerArpeggiator.swift */ = {isa = PBXFileReference; fileEncoding = 4; lastKnownFileType = sourcecode.swift; path = MIDISequencerArpeggiator.swift; sourceTree = "<group>"; };
		B2EAA1981F67DC7000B80D57 /* MIDISequencer.framework */ = {isa = PBXFileReference; explicitFileType = wrapper.framework; includeInIndex = 0; path = MIDISequencer.framework; sourceTree = BUILT_PRODUCTS_DIR; };
		B2EAA1A61F67DC7F00B80D57 /* MIDISequencer.framework */ = {isa = PBXFileReference; explicitFileType = wrapper.framework; includeInIndex = 0; path = MIDISequencer.framework; sourceTree = BUILT_PRODUCTS_DIR; };
		B2EAA1AF1F67DCEA00B80D57 /* Info iOS.plist */ = {isa = PBXFileReference; fileEncoding = 4; lastKnownFileType = text.plist.xml; path = "Info iOS.plist"; sourceTree = "<group>"; };
		B2EAA1B01F67DCEA00B80D57 /* Info Mac.plist */ = {isa = PBXFileReference; fileEncoding = 4; lastKnownFileType = text.plist.xml; path = "Info Mac.plist"; sourceTree = "<group>"; };
		B2EAA1B11F67DCEA00B80D57 /* MIDISequencer.h */ = {isa = PBXFileReference; fileEncoding = 4; lastKnownFileType = sourcecode.c.h; path = MIDISequencer.h; sourceTree = "<group>"; };
		B2EAA1B81F67DD1D00B80D57 /* MIDISequencer.swift */ = {isa = PBXFileReference; fileEncoding = 4; lastKnownFileType = sourcecode.swift; path = MIDISequencer.swift; sourceTree = "<group>"; };
/* End PBXFileReference section */

/* Begin PBXFrameworksBuildPhase section */
		B2EAA1941F67DC7000B80D57 /* Frameworks */ = {
			isa = PBXFrameworksBuildPhase;
			buildActionMask = 2147483647;
			files = (
				756F17A62573B3670029D1C0 /* AudioKit in Frameworks */,
				756F179B2573B2280029D1C0 /* MusicTheory in Frameworks */,
			);
			runOnlyForDeploymentPostprocessing = 0;
		};
		B2EAA1A21F67DC7F00B80D57 /* Frameworks */ = {
			isa = PBXFrameworksBuildPhase;
			buildActionMask = 2147483647;
			files = (
			);
			runOnlyForDeploymentPostprocessing = 0;
		};
/* End PBXFrameworksBuildPhase section */

/* Begin PBXGroup section */
		B2EAA18C1F67DC5C00B80D57 = {
			isa = PBXGroup;
			children = (
				B2EAA1AE1F67DCEA00B80D57 /* Source */,
				B2EAA1991F67DC7000B80D57 /* Products */,
			);
			sourceTree = "<group>";
		};
		B2EAA1991F67DC7000B80D57 /* Products */ = {
			isa = PBXGroup;
			children = (
				B2EAA1981F67DC7000B80D57 /* MIDISequencer.framework */,
				B2EAA1A61F67DC7F00B80D57 /* MIDISequencer.framework */,
			);
			name = Products;
			sourceTree = "<group>";
		};
		B2EAA1AE1F67DCEA00B80D57 /* Source */ = {
			isa = PBXGroup;
			children = (
				B2EAA1AF1F67DCEA00B80D57 /* Info iOS.plist */,
				B2EAA1B01F67DCEA00B80D57 /* Info Mac.plist */,
				B2EAA1B11F67DCEA00B80D57 /* MIDISequencer.h */,
				B2EAA1B81F67DD1D00B80D57 /* MIDISequencer.swift */,
				B2A730D01F6C81CF0040F34F /* MIDISequencerTrack.swift */,
				B2A730CE1F6C81C30040F34F /* MIDISequencerStep.swift */,
				B2A730D71F6C84AB0040F34F /* MIDISequencerArpeggiator.swift */,
				B26B85411FC30230005B9D37 /* MIDISequencerVelocity.swift */,
			);
			path = Source;
			sourceTree = "<group>";
		};
/* End PBXGroup section */

/* Begin PBXHeadersBuildPhase section */
		B2EAA1951F67DC7000B80D57 /* Headers */ = {
			isa = PBXHeadersBuildPhase;
			buildActionMask = 2147483647;
			files = (
				B2EAA1B61F67DCEA00B80D57 /* MIDISequencer.h in Headers */,
			);
			runOnlyForDeploymentPostprocessing = 0;
		};
		B2EAA1A31F67DC7F00B80D57 /* Headers */ = {
			isa = PBXHeadersBuildPhase;
			buildActionMask = 2147483647;
			files = (
				B2EAA1B71F67DCEA00B80D57 /* MIDISequencer.h in Headers */,
			);
			runOnlyForDeploymentPostprocessing = 0;
		};
/* End PBXHeadersBuildPhase section */

/* Begin PBXNativeTarget section */
		B2EAA1971F67DC7000B80D57 /* MIDISequencer iOS */ = {
			isa = PBXNativeTarget;
			buildConfigurationList = B2EAA19E1F67DC7000B80D57 /* Build configuration list for PBXNativeTarget "MIDISequencer iOS" */;
			buildPhases = (
				B2EAA1931F67DC7000B80D57 /* Sources */,
				B2EAA1941F67DC7000B80D57 /* Frameworks */,
				B2EAA1951F67DC7000B80D57 /* Headers */,
				B2EAA1961F67DC7000B80D57 /* Resources */,
			);
			buildRules = (
			);
			dependencies = (
			);
			name = "MIDISequencer iOS";
			packageProductDependencies = (
				756F179A2573B2280029D1C0 /* MusicTheory */,
				756F17A52573B3670029D1C0 /* AudioKit */,
			);
			productName = "MIDISequencer iOS";
			productReference = B2EAA1981F67DC7000B80D57 /* MIDISequencer.framework */;
			productType = "com.apple.product-type.framework";
		};
		B2EAA1A51F67DC7F00B80D57 /* MIDISequencer Mac */ = {
			isa = PBXNativeTarget;
			buildConfigurationList = B2EAA1AB1F67DC7F00B80D57 /* Build configuration list for PBXNativeTarget "MIDISequencer Mac" */;
			buildPhases = (
				B2EAA1A11F67DC7F00B80D57 /* Sources */,
				B2EAA1A21F67DC7F00B80D57 /* Frameworks */,
				B2EAA1A31F67DC7F00B80D57 /* Headers */,
				B2EAA1A41F67DC7F00B80D57 /* Resources */,
			);
			buildRules = (
			);
			dependencies = (
			);
			name = "MIDISequencer Mac";
			productName = "MIDISequencer Mac";
			productReference = B2EAA1A61F67DC7F00B80D57 /* MIDISequencer.framework */;
			productType = "com.apple.product-type.framework";
		};
/* End PBXNativeTarget section */

/* Begin PBXProject section */
		B2EAA18D1F67DC5C00B80D57 /* Project object */ = {
			isa = PBXProject;
			attributes = {
				LastSwiftUpdateCheck = 1020;
				LastUpgradeCheck = 1220;
				TargetAttributes = {
					B2EAA1971F67DC7000B80D57 = {
						CreatedOnToolsVersion = 8.3.3;
						LastSwiftMigration = 0830;
						ProvisioningStyle = Automatic;
					};
					B2EAA1A51F67DC7F00B80D57 = {
						CreatedOnToolsVersion = 8.3.3;
						LastSwiftMigration = 0830;
						ProvisioningStyle = Automatic;
					};
				};
			};
			buildConfigurationList = B2EAA1901F67DC5C00B80D57 /* Build configuration list for PBXProject "MIDISequencer" */;
			compatibilityVersion = "Xcode 3.2";
			developmentRegion = en;
			hasScannedForEncodings = 0;
			knownRegions = (
				en,
				Base,
			);
			mainGroup = B2EAA18C1F67DC5C00B80D57;
			packageReferences = (
				756F17992573B2280029D1C0 /* XCRemoteSwiftPackageReference "MusicTheory" */,
				756F17A42573B3660029D1C0 /* XCRemoteSwiftPackageReference "AudioKit" */,
			);
			productRefGroup = B2EAA1991F67DC7000B80D57 /* Products */;
			projectDirPath = "";
			projectRoot = "";
			targets = (
				B2EAA1971F67DC7000B80D57 /* MIDISequencer iOS */,
				B2EAA1A51F67DC7F00B80D57 /* MIDISequencer Mac */,
			);
		};
/* End PBXProject section */

/* Begin PBXResourcesBuildPhase section */
		B2EAA1961F67DC7000B80D57 /* Resources */ = {
			isa = PBXResourcesBuildPhase;
			buildActionMask = 2147483647;
			files = (
			);
			runOnlyForDeploymentPostprocessing = 0;
		};
		B2EAA1A41F67DC7F00B80D57 /* Resources */ = {
			isa = PBXResourcesBuildPhase;
			buildActionMask = 2147483647;
			files = (
			);
			runOnlyForDeploymentPostprocessing = 0;
		};
/* End PBXResourcesBuildPhase section */

/* Begin PBXSourcesBuildPhase section */
		B2EAA1931F67DC7000B80D57 /* Sources */ = {
			isa = PBXSourcesBuildPhase;
			buildActionMask = 2147483647;
			files = (
				B26B85421FC30230005B9D37 /* MIDISequencerVelocity.swift in Sources */,
				B2A730D11F6C81CF0040F34F /* MIDISequencerTrack.swift in Sources */,
				B2A730CF1F6C81C30040F34F /* MIDISequencerStep.swift in Sources */,
				B2A730D81F6C84AB0040F34F /* MIDISequencerArpeggiator.swift in Sources */,
				B2EAA1B91F67DD1D00B80D57 /* MIDISequencer.swift in Sources */,
			);
			runOnlyForDeploymentPostprocessing = 0;
		};
		B2EAA1A11F67DC7F00B80D57 /* Sources */ = {
			isa = PBXSourcesBuildPhase;
			buildActionMask = 2147483647;
			files = (
				B26B85431FC3027A005B9D37 /* MIDISequencerVelocity.swift in Sources */,
				B2A730D51F6C82630040F34F /* MIDISequencerTrack.swift in Sources */,
				B2A730D41F6C82630040F34F /* MIDISequencerStep.swift in Sources */,
				B2A730D91F6C84AB0040F34F /* MIDISequencerArpeggiator.swift in Sources */,
				B2EAA1BA1F67DD1D00B80D57 /* MIDISequencer.swift in Sources */,
			);
			runOnlyForDeploymentPostprocessing = 0;
		};
/* End PBXSourcesBuildPhase section */

/* Begin XCBuildConfiguration section */
		B2EAA1911F67DC5C00B80D57 /* Debug */ = {
			isa = XCBuildConfiguration;
			buildSettings = {
				CLANG_WARN_BLOCK_CAPTURE_AUTORELEASING = YES;
				CLANG_WARN_BOOL_CONVERSION = YES;
				CLANG_WARN_COMMA = YES;
				CLANG_WARN_CONSTANT_CONVERSION = YES;
				CLANG_WARN_DEPRECATED_OBJC_IMPLEMENTATIONS = YES;
				CLANG_WARN_EMPTY_BODY = YES;
				CLANG_WARN_ENUM_CONVERSION = YES;
				CLANG_WARN_INFINITE_RECURSION = YES;
				CLANG_WARN_INT_CONVERSION = YES;
				CLANG_WARN_NON_LITERAL_NULL_CONVERSION = YES;
				CLANG_WARN_OBJC_IMPLICIT_RETAIN_SELF = YES;
				CLANG_WARN_OBJC_LITERAL_CONVERSION = YES;
				CLANG_WARN_QUOTED_INCLUDE_IN_FRAMEWORK_HEADER = YES;
				CLANG_WARN_RANGE_LOOP_ANALYSIS = YES;
				CLANG_WARN_STRICT_PROTOTYPES = YES;
				CLANG_WARN_SUSPICIOUS_MOVE = YES;
				CLANG_WARN_UNREACHABLE_CODE = YES;
				CLANG_WARN__DUPLICATE_METHOD_MATCH = YES;
				ENABLE_STRICT_OBJC_MSGSEND = YES;
				ENABLE_TESTABILITY = YES;
				GCC_NO_COMMON_BLOCKS = YES;
				GCC_WARN_64_TO_32_BIT_CONVERSION = YES;
				GCC_WARN_ABOUT_RETURN_TYPE = YES;
				GCC_WARN_UNDECLARED_SELECTOR = YES;
				GCC_WARN_UNINITIALIZED_AUTOS = YES;
				GCC_WARN_UNUSED_FUNCTION = YES;
				GCC_WARN_UNUSED_VARIABLE = YES;
				ONLY_ACTIVE_ARCH = YES;
				SWIFT_VERSION = 4.0;
			};
			name = Debug;
		};
		B2EAA1921F67DC5C00B80D57 /* Release */ = {
			isa = XCBuildConfiguration;
			buildSettings = {
				CLANG_WARN_BLOCK_CAPTURE_AUTORELEASING = YES;
				CLANG_WARN_BOOL_CONVERSION = YES;
				CLANG_WARN_COMMA = YES;
				CLANG_WARN_CONSTANT_CONVERSION = YES;
				CLANG_WARN_DEPRECATED_OBJC_IMPLEMENTATIONS = YES;
				CLANG_WARN_EMPTY_BODY = YES;
				CLANG_WARN_ENUM_CONVERSION = YES;
				CLANG_WARN_INFINITE_RECURSION = YES;
				CLANG_WARN_INT_CONVERSION = YES;
				CLANG_WARN_NON_LITERAL_NULL_CONVERSION = YES;
				CLANG_WARN_OBJC_IMPLICIT_RETAIN_SELF = YES;
				CLANG_WARN_OBJC_LITERAL_CONVERSION = YES;
				CLANG_WARN_QUOTED_INCLUDE_IN_FRAMEWORK_HEADER = YES;
				CLANG_WARN_RANGE_LOOP_ANALYSIS = YES;
				CLANG_WARN_STRICT_PROTOTYPES = YES;
				CLANG_WARN_SUSPICIOUS_MOVE = YES;
				CLANG_WARN_UNREACHABLE_CODE = YES;
				CLANG_WARN__DUPLICATE_METHOD_MATCH = YES;
				ENABLE_STRICT_OBJC_MSGSEND = YES;
				GCC_NO_COMMON_BLOCKS = YES;
				GCC_WARN_64_TO_32_BIT_CONVERSION = YES;
				GCC_WARN_ABOUT_RETURN_TYPE = YES;
				GCC_WARN_UNDECLARED_SELECTOR = YES;
				GCC_WARN_UNINITIALIZED_AUTOS = YES;
				GCC_WARN_UNUSED_FUNCTION = YES;
				GCC_WARN_UNUSED_VARIABLE = YES;
				SWIFT_VERSION = 4.0;
			};
			name = Release;
		};
		B2EAA19F1F67DC7000B80D57 /* Debug */ = {
			isa = XCBuildConfiguration;
			buildSettings = {
				ALWAYS_SEARCH_USER_PATHS = NO;
				CLANG_ANALYZER_NONNULL = YES;
				CLANG_ANALYZER_NUMBER_OBJECT_CONVERSION = YES_AGGRESSIVE;
				CLANG_CXX_LANGUAGE_STANDARD = "gnu++0x";
				CLANG_CXX_LIBRARY = "libc++";
				CLANG_ENABLE_MODULES = YES;
				CLANG_ENABLE_OBJC_ARC = YES;
				CLANG_WARN_BOOL_CONVERSION = YES;
				CLANG_WARN_CONSTANT_CONVERSION = YES;
				CLANG_WARN_DIRECT_OBJC_ISA_USAGE = YES_ERROR;
				CLANG_WARN_DOCUMENTATION_COMMENTS = YES;
				CLANG_WARN_EMPTY_BODY = YES;
				CLANG_WARN_ENUM_CONVERSION = YES;
				CLANG_WARN_INFINITE_RECURSION = YES;
				CLANG_WARN_INT_CONVERSION = YES;
				CLANG_WARN_OBJC_ROOT_CLASS = YES_ERROR;
				CLANG_WARN_SUSPICIOUS_MOVE = YES;
				CLANG_WARN_UNREACHABLE_CODE = YES;
				CLANG_WARN__DUPLICATE_METHOD_MATCH = YES;
				CODE_SIGN_IDENTITY = "";
				"CODE_SIGN_IDENTITY[sdk=iphoneos*]" = "iPhone Developer";
				COPY_PHASE_STRIP = NO;
				CURRENT_PROJECT_VERSION = 1;
				DEBUG_INFORMATION_FORMAT = dwarf;
				DEFINES_MODULE = YES;
				DEVELOPMENT_TEAM = "";
				DYLIB_COMPATIBILITY_VERSION = 1;
				DYLIB_CURRENT_VERSION = 1;
				DYLIB_INSTALL_NAME_BASE = "@rpath";
				ENABLE_STRICT_OBJC_MSGSEND = YES;
				ENABLE_TESTABILITY = YES;
				GCC_C_LANGUAGE_STANDARD = gnu99;
				GCC_DYNAMIC_NO_PIC = NO;
				GCC_NO_COMMON_BLOCKS = YES;
				GCC_OPTIMIZATION_LEVEL = 0;
				GCC_PREPROCESSOR_DEFINITIONS = (
					"DEBUG=1",
					"$(inherited)",
				);
				GCC_WARN_64_TO_32_BIT_CONVERSION = YES;
				GCC_WARN_ABOUT_RETURN_TYPE = YES_ERROR;
				GCC_WARN_UNDECLARED_SELECTOR = YES;
				GCC_WARN_UNINITIALIZED_AUTOS = YES_AGGRESSIVE;
				GCC_WARN_UNUSED_FUNCTION = YES;
				GCC_WARN_UNUSED_VARIABLE = YES;
				HEADER_SEARCH_PATHS = (
					"$(inherited)",
					"\"${PODS_ROOT}/Headers/Public\"",
					"\"${PODS_ROOT}/Headers/Public/AudioKit\"/**",
				);
				INFOPLIST_FILE = "$(SRCROOT)/Source/Info iOS.plist";
				INSTALL_PATH = "$(LOCAL_LIBRARY_DIR)/Frameworks";
				IPHONEOS_DEPLOYMENT_TARGET = 13.0;
				LD_RUNPATH_SEARCH_PATHS = (
					"$(inherited)",
					"@executable_path/Frameworks",
					"@loader_path/Frameworks",
				);
				MTL_ENABLE_DEBUG_INFO = YES;
				ONLY_ACTIVE_ARCH = YES;
				PRODUCT_BUNDLE_IDENTIFIER = "com.cemolcay.MIDISequencer-iOS";
				PRODUCT_NAME = MIDISequencer;
				SDKROOT = iphoneos;
				SKIP_INSTALL = YES;
				SWIFT_ACTIVE_COMPILATION_CONDITIONS = DEBUG;
				SWIFT_OPTIMIZATION_LEVEL = "-Onone";
				SWIFT_VERSION = 5.0;
				TARGETED_DEVICE_FAMILY = "1,2";
				VERSIONING_SYSTEM = "apple-generic";
				VERSION_INFO_PREFIX = "";
			};
			name = Debug;
		};
		B2EAA1A01F67DC7000B80D57 /* Release */ = {
			isa = XCBuildConfiguration;
			buildSettings = {
				ALWAYS_SEARCH_USER_PATHS = NO;
				CLANG_ANALYZER_NONNULL = YES;
				CLANG_ANALYZER_NUMBER_OBJECT_CONVERSION = YES_AGGRESSIVE;
				CLANG_CXX_LANGUAGE_STANDARD = "gnu++0x";
				CLANG_CXX_LIBRARY = "libc++";
				CLANG_ENABLE_MODULES = YES;
				CLANG_ENABLE_OBJC_ARC = YES;
				CLANG_WARN_BOOL_CONVERSION = YES;
				CLANG_WARN_CONSTANT_CONVERSION = YES;
				CLANG_WARN_DIRECT_OBJC_ISA_USAGE = YES_ERROR;
				CLANG_WARN_DOCUMENTATION_COMMENTS = YES;
				CLANG_WARN_EMPTY_BODY = YES;
				CLANG_WARN_ENUM_CONVERSION = YES;
				CLANG_WARN_INFINITE_RECURSION = YES;
				CLANG_WARN_INT_CONVERSION = YES;
				CLANG_WARN_OBJC_ROOT_CLASS = YES_ERROR;
				CLANG_WARN_SUSPICIOUS_MOVE = YES;
				CLANG_WARN_UNREACHABLE_CODE = YES;
				CLANG_WARN__DUPLICATE_METHOD_MATCH = YES;
				CODE_SIGN_IDENTITY = "";
				"CODE_SIGN_IDENTITY[sdk=iphoneos*]" = "iPhone Developer";
				COPY_PHASE_STRIP = NO;
				CURRENT_PROJECT_VERSION = 1;
				DEBUG_INFORMATION_FORMAT = "dwarf-with-dsym";
				DEFINES_MODULE = YES;
				DEVELOPMENT_TEAM = "";
				DYLIB_COMPATIBILITY_VERSION = 1;
				DYLIB_CURRENT_VERSION = 1;
				DYLIB_INSTALL_NAME_BASE = "@rpath";
				ENABLE_NS_ASSERTIONS = NO;
				ENABLE_STRICT_OBJC_MSGSEND = YES;
				GCC_C_LANGUAGE_STANDARD = gnu99;
				GCC_NO_COMMON_BLOCKS = YES;
				GCC_WARN_64_TO_32_BIT_CONVERSION = YES;
				GCC_WARN_ABOUT_RETURN_TYPE = YES_ERROR;
				GCC_WARN_UNDECLARED_SELECTOR = YES;
				GCC_WARN_UNINITIALIZED_AUTOS = YES_AGGRESSIVE;
				GCC_WARN_UNUSED_FUNCTION = YES;
				GCC_WARN_UNUSED_VARIABLE = YES;
				HEADER_SEARCH_PATHS = (
					"$(inherited)",
					"\"${PODS_ROOT}/Headers/Public\"",
					"\"${PODS_ROOT}/Headers/Public/AudioKit\"/**",
				);
				INFOPLIST_FILE = "$(SRCROOT)/Source/Info iOS.plist";
				INSTALL_PATH = "$(LOCAL_LIBRARY_DIR)/Frameworks";
				IPHONEOS_DEPLOYMENT_TARGET = 13.0;
				LD_RUNPATH_SEARCH_PATHS = (
					"$(inherited)",
					"@executable_path/Frameworks",
					"@loader_path/Frameworks",
				);
				MTL_ENABLE_DEBUG_INFO = NO;
				PRODUCT_BUNDLE_IDENTIFIER = "com.cemolcay.MIDISequencer-iOS";
				PRODUCT_NAME = MIDISequencer;
				SDKROOT = iphoneos;
				SKIP_INSTALL = YES;
				SWIFT_COMPILATION_MODE = wholemodule;
				SWIFT_OPTIMIZATION_LEVEL = "-O";
				SWIFT_VERSION = 5.0;
				TARGETED_DEVICE_FAMILY = "1,2";
				VALIDATE_PRODUCT = YES;
				VERSIONING_SYSTEM = "apple-generic";
				VERSION_INFO_PREFIX = "";
			};
			name = Release;
		};
		B2EAA1AC1F67DC7F00B80D57 /* Debug */ = {
			isa = XCBuildConfiguration;
			buildSettings = {
				ALWAYS_SEARCH_USER_PATHS = NO;
				CLANG_ANALYZER_NONNULL = YES;
				CLANG_ANALYZER_NUMBER_OBJECT_CONVERSION = YES_AGGRESSIVE;
				CLANG_CXX_LANGUAGE_STANDARD = "gnu++0x";
				CLANG_CXX_LIBRARY = "libc++";
				CLANG_ENABLE_MODULES = YES;
				CLANG_ENABLE_OBJC_ARC = YES;
				CLANG_WARN_BOOL_CONVERSION = YES;
				CLANG_WARN_CONSTANT_CONVERSION = YES;
				CLANG_WARN_DIRECT_OBJC_ISA_USAGE = YES_ERROR;
				CLANG_WARN_DOCUMENTATION_COMMENTS = YES;
				CLANG_WARN_EMPTY_BODY = YES;
				CLANG_WARN_ENUM_CONVERSION = YES;
				CLANG_WARN_INFINITE_RECURSION = YES;
				CLANG_WARN_INT_CONVERSION = YES;
				CLANG_WARN_OBJC_ROOT_CLASS = YES_ERROR;
				CLANG_WARN_SUSPICIOUS_MOVE = YES;
				CLANG_WARN_UNREACHABLE_CODE = YES;
				CLANG_WARN__DUPLICATE_METHOD_MATCH = YES;
				CODE_SIGN_IDENTITY = "-";
				COMBINE_HIDPI_IMAGES = YES;
				COPY_PHASE_STRIP = NO;
				CURRENT_PROJECT_VERSION = 1;
				DEBUG_INFORMATION_FORMAT = dwarf;
				DEFINES_MODULE = YES;
				DEVELOPMENT_TEAM = "";
				DYLIB_COMPATIBILITY_VERSION = 1;
				DYLIB_CURRENT_VERSION = 1;
				DYLIB_INSTALL_NAME_BASE = "@rpath";
				ENABLE_STRICT_OBJC_MSGSEND = YES;
				ENABLE_TESTABILITY = YES;
				FRAMEWORK_VERSION = A;
				GCC_C_LANGUAGE_STANDARD = gnu99;
				GCC_DYNAMIC_NO_PIC = NO;
				GCC_NO_COMMON_BLOCKS = YES;
				GCC_OPTIMIZATION_LEVEL = 0;
				GCC_PREPROCESSOR_DEFINITIONS = (
					"DEBUG=1",
					"$(inherited)",
				);
				GCC_WARN_64_TO_32_BIT_CONVERSION = YES;
				GCC_WARN_ABOUT_RETURN_TYPE = YES_ERROR;
				GCC_WARN_UNDECLARED_SELECTOR = YES;
				GCC_WARN_UNINITIALIZED_AUTOS = YES_AGGRESSIVE;
				GCC_WARN_UNUSED_FUNCTION = YES;
				GCC_WARN_UNUSED_VARIABLE = YES;
				HEADER_SEARCH_PATHS = (
					"$(inherited)",
					"\"${PODS_ROOT}/Headers/Public\"",
					"\"${PODS_ROOT}/Headers/Public/AudioKit\"/**",
				);
				INFOPLIST_FILE = "$(SRCROOT)/Source/Info Mac.plist";
				INSTALL_PATH = "$(LOCAL_LIBRARY_DIR)/Frameworks";
				LD_RUNPATH_SEARCH_PATHS = (
					"$(inherited)",
					"@executable_path/../Frameworks",
					"@loader_path/Frameworks",
				);
				MACOSX_DEPLOYMENT_TARGET = 10.11;
				MTL_ENABLE_DEBUG_INFO = YES;
				ONLY_ACTIVE_ARCH = YES;
				PRODUCT_BUNDLE_IDENTIFIER = "com.cemolcay.MIDISequencer-Mac";
				PRODUCT_NAME = MIDISequencer;
				SDKROOT = macosx;
				SKIP_INSTALL = YES;
				SWIFT_ACTIVE_COMPILATION_CONDITIONS = DEBUG;
				SWIFT_OPTIMIZATION_LEVEL = "-Onone";
				SWIFT_VERSION = 5.0;
				VERSIONING_SYSTEM = "apple-generic";
				VERSION_INFO_PREFIX = "";
			};
			name = Debug;
		};
		B2EAA1AD1F67DC7F00B80D57 /* Release */ = {
			isa = XCBuildConfiguration;
			buildSettings = {
				ALWAYS_SEARCH_USER_PATHS = NO;
				CLANG_ANALYZER_NONNULL = YES;
				CLANG_ANALYZER_NUMBER_OBJECT_CONVERSION = YES_AGGRESSIVE;
				CLANG_CXX_LANGUAGE_STANDARD = "gnu++0x";
				CLANG_CXX_LIBRARY = "libc++";
				CLANG_ENABLE_MODULES = YES;
				CLANG_ENABLE_OBJC_ARC = YES;
				CLANG_WARN_BOOL_CONVERSION = YES;
				CLANG_WARN_CONSTANT_CONVERSION = YES;
				CLANG_WARN_DIRECT_OBJC_ISA_USAGE = YES_ERROR;
				CLANG_WARN_DOCUMENTATION_COMMENTS = YES;
				CLANG_WARN_EMPTY_BODY = YES;
				CLANG_WARN_ENUM_CONVERSION = YES;
				CLANG_WARN_INFINITE_RECURSION = YES;
				CLANG_WARN_INT_CONVERSION = YES;
				CLANG_WARN_OBJC_ROOT_CLASS = YES_ERROR;
				CLANG_WARN_SUSPICIOUS_MOVE = YES;
				CLANG_WARN_UNREACHABLE_CODE = YES;
				CLANG_WARN__DUPLICATE_METHOD_MATCH = YES;
				CODE_SIGN_IDENTITY = "-";
				COMBINE_HIDPI_IMAGES = YES;
				COPY_PHASE_STRIP = NO;
				CURRENT_PROJECT_VERSION = 1;
				DEBUG_INFORMATION_FORMAT = "dwarf-with-dsym";
				DEFINES_MODULE = YES;
				DEVELOPMENT_TEAM = "";
				DYLIB_COMPATIBILITY_VERSION = 1;
				DYLIB_CURRENT_VERSION = 1;
				DYLIB_INSTALL_NAME_BASE = "@rpath";
				ENABLE_NS_ASSERTIONS = NO;
				ENABLE_STRICT_OBJC_MSGSEND = YES;
				FRAMEWORK_VERSION = A;
				GCC_C_LANGUAGE_STANDARD = gnu99;
				GCC_NO_COMMON_BLOCKS = YES;
				GCC_WARN_64_TO_32_BIT_CONVERSION = YES;
				GCC_WARN_ABOUT_RETURN_TYPE = YES_ERROR;
				GCC_WARN_UNDECLARED_SELECTOR = YES;
				GCC_WARN_UNINITIALIZED_AUTOS = YES_AGGRESSIVE;
				GCC_WARN_UNUSED_FUNCTION = YES;
				GCC_WARN_UNUSED_VARIABLE = YES;
				HEADER_SEARCH_PATHS = (
					"$(inherited)",
					"\"${PODS_ROOT}/Headers/Public\"",
					"\"${PODS_ROOT}/Headers/Public/AudioKit\"/**",
				);
				INFOPLIST_FILE = "$(SRCROOT)/Source/Info Mac.plist";
				INSTALL_PATH = "$(LOCAL_LIBRARY_DIR)/Frameworks";
				LD_RUNPATH_SEARCH_PATHS = (
					"$(inherited)",
					"@executable_path/../Frameworks",
					"@loader_path/Frameworks",
				);
				MACOSX_DEPLOYMENT_TARGET = 10.11;
				MTL_ENABLE_DEBUG_INFO = NO;
				PRODUCT_BUNDLE_IDENTIFIER = "com.cemolcay.MIDISequencer-Mac";
				PRODUCT_NAME = MIDISequencer;
				SDKROOT = macosx;
				SKIP_INSTALL = YES;
				SWIFT_COMPILATION_MODE = wholemodule;
				SWIFT_OPTIMIZATION_LEVEL = "-O";
				SWIFT_VERSION = 5.0;
				VERSIONING_SYSTEM = "apple-generic";
				VERSION_INFO_PREFIX = "";
			};
			name = Release;
		};
/* End XCBuildConfiguration section */

/* Begin XCConfigurationList section */
		B2EAA1901F67DC5C00B80D57 /* Build configuration list for PBXProject "MIDISequencer" */ = {
			isa = XCConfigurationList;
			buildConfigurations = (
				B2EAA1911F67DC5C00B80D57 /* Debug */,
				B2EAA1921F67DC5C00B80D57 /* Release */,
			);
			defaultConfigurationIsVisible = 0;
			defaultConfigurationName = Release;
		};
		B2EAA19E1F67DC7000B80D57 /* Build configuration list for PBXNativeTarget "MIDISequencer iOS" */ = {
			isa = XCConfigurationList;
			buildConfigurations = (
				B2EAA19F1F67DC7000B80D57 /* Debug */,
				B2EAA1A01F67DC7000B80D57 /* Release */,
			);
			defaultConfigurationIsVisible = 0;
			defaultConfigurationName = Release;
		};
		B2EAA1AB1F67DC7F00B80D57 /* Build configuration list for PBXNativeTarget "MIDISequencer Mac" */ = {
			isa = XCConfigurationList;
			buildConfigurations = (
				B2EAA1AC1F67DC7F00B80D57 /* Debug */,
				B2EAA1AD1F67DC7F00B80D57 /* Release */,
			);
			defaultConfigurationIsVisible = 0;
			defaultConfigurationName = Release;
		};
/* End XCConfigurationList section */

/* Begin XCRemoteSwiftPackageReference section */
		756F17992573B2280029D1C0 /* XCRemoteSwiftPackageReference "MusicTheory" */ = {
			isa = XCRemoteSwiftPackageReference;
			repositoryURL = "https://github.com/cemolcay/MusicTheory.git";
			requirement = {
				kind = upToNextMajorVersion;
				minimumVersion = 1.3.1;
			};
		};
		756F17A42573B3660029D1C0 /* XCRemoteSwiftPackageReference "AudioKit" */ = {
			isa = XCRemoteSwiftPackageReference;
			repositoryURL = "https://github.com/AudioKit/AudioKit";
			requirement = {
				branch = "v5-main";
				kind = branch;
			};
		};
/* End XCRemoteSwiftPackageReference section */

/* Begin XCSwiftPackageProductDependency section */
		756F179A2573B2280029D1C0 /* MusicTheory */ = {
			isa = XCSwiftPackageProductDependency;
			package = 756F17992573B2280029D1C0 /* XCRemoteSwiftPackageReference "MusicTheory" */;
			productName = MusicTheory;
		};
		756F17A52573B3670029D1C0 /* AudioKit */ = {
			isa = XCSwiftPackageProductDependency;
			package = 756F17A42573B3660029D1C0 /* XCRemoteSwiftPackageReference "AudioKit" */;
			productName = AudioKit;
		};
/* End XCSwiftPackageProductDependency section */
	};
	rootObject = B2EAA18D1F67DC5C00B80D57 /* Project object */;
}
